
Microsoft Visual Studio Solution File, Format Version 12.00
# Visual Studio 2012
Project("{FAE04EC0-301F-11D3-BF4B-00C04F79EFBC}") = "DeesOne", "DeesOne\DeesOne.csproj", "{58A95F85-A6A5-4B7E-A4AF-BE7352F9A423}"
EndProject
Global
	GlobalSection(SolutionConfigurationPlatforms) = preSolution
		Debug|Any CPU = Debug|Any CPU
		Release|Any CPU = Release|Any CPU
	EndGlobalSection
	GlobalSection(ProjectConfigurationPlatforms) = postSolution
		{58A95F85-A6A5-4B7E-A4AF-BE7352F9A423}.Debug|Any CPU.ActiveCfg = Debug|Any CPU
		{58A95F85-A6A5-4B7E-A4AF-BE7352F9A423}.Debug|Any CPU.Build.0 = Debug|Any CPU
		{58A95F85-A6A5-4B7E-A4AF-BE7352F9A423}.Release|Any CPU.ActiveCfg = Release|Any CPU
		{58A95F85-A6A5-4B7E-A4AF-BE7352F9A423}.Release|Any CPU.Build.0 = Release|Any CPU
	EndGlobalSection
	GlobalSection(SolutionProperties) = preSolution
		HideSolutionNode = FALSE
	EndGlobalSection
EndGlobal
